
Microsoft Visual Studio Solution File, Format Version 12.00
# Visual Studio Version 17
VisualStudioVersion = 17.13.35825.156 d17.13
MinimumVisualStudioVersion = 10.0.40219.1
Project("{FAE04EC0-301F-11D3-BF4B-00C04F79EFBC}") = "Lesson_4_EntityFrameworkCodeFirst", "Lesson_4_EntityFrameworkCodeFirst\Lesson_4_EntityFrameworkCodeFirst.csproj", "{7F55E431-0124-47EF-9EF1-858314177765}"
EndProject
Global
	GlobalSection(SolutionConfigurationPlatforms) = preSolution
		Debug|Any CPU = Debug|Any CPU
		Release|Any CPU = Release|Any CPU
	EndGlobalSection
	GlobalSection(ProjectConfigurationPlatforms) = postSolution
		{7F55E431-0124-47EF-9EF1-858314177765}.Debug|Any CPU.ActiveCfg = Debug|Any CPU
		{7F55E431-0124-47EF-9EF1-858314177765}.Debug|Any CPU.Build.0 = Debug|Any CPU
		{7F55E431-0124-47EF-9EF1-858314177765}.Release|Any CPU.ActiveCfg = Release|Any CPU
		{7F55E431-0124-47EF-9EF1-858314177765}.Release|Any CPU.Build.0 = Release|Any CPU
	EndGlobalSection
	GlobalSection(SolutionProperties) = preSolution
		HideSolutionNode = FALSE
	EndGlobalSection
	GlobalSection(ExtensibilityGlobals) = postSolution
		SolutionGuid = {B6D4EB45-4907-4294-83D0-FBAA1325CCF3}
	EndGlobalSection
EndGlobal
